
Microsoft Visual Studio Solution File, Format Version 12.00
# Visual Studio Version 17
VisualStudioVersion = 17.11.35312.102
MinimumVisualStudioVersion = 10.0.40219.1
Project("{FAE04EC0-301F-11D3-BF4B-00C04F79EFBC}") = "MyWPFApp", "MyWPFApp.csproj", "{2D436943-D307-4A5C-8760-9AA7AB043ECB}"
EndProject
Project("{FAE04EC0-301F-11D3-BF4B-00C04F79EFBC}") = "DemoWindowPage", "..\DemoWindowPage\DemoWindowPage.csproj", "{016419FD-47C1-4E9F-8A00-8B2F27C96A36}"
EndProject
Global
	GlobalSection(SolutionConfigurationPlatforms) = preSolution
		Debug|Any CPU = Debug|Any CPU
		Release|Any CPU = Release|Any CPU
	EndGlobalSection
	GlobalSection(ProjectConfigurationPlatforms) = postSolution
		{2D436943-D307-4A5C-8760-9AA7AB043ECB}.Debug|Any CPU.ActiveCfg = Debug|Any CPU
		{2D436943-D307-4A5C-8760-9AA7AB043ECB}.Debug|Any CPU.Build.0 = Debug|Any CPU
		{2D436943-D307-4A5C-8760-9AA7AB043ECB}.Release|Any CPU.ActiveCfg = Release|Any CPU
		{2D436943-D307-4A5C-8760-9AA7AB043ECB}.Release|Any CPU.Build.0 = Release|Any CPU
		{016419FD-47C1-4E9F-8A00-8B2F27C96A36}.Debug|Any CPU.ActiveCfg = Debug|Any CPU
		{016419FD-47C1-4E9F-8A00-8B2F27C96A36}.Debug|Any CPU.Build.0 = Debug|Any CPU
		{016419FD-47C1-4E9F-8A00-8B2F27C96A36}.Release|Any CPU.ActiveCfg = Release|Any CPU
		{016419FD-47C1-4E9F-8A00-8B2F27C96A36}.Release|Any CPU.Build.0 = Release|Any CPU
	EndGlobalSection
	GlobalSection(SolutionProperties) = preSolution
		HideSolutionNode = FALSE
	EndGlobalSection
	GlobalSection(ExtensibilityGlobals) = postSolution
		SolutionGuid = {E5E88BD8-2FFA-4A1E-87F4-D94ACD6FB94F}
	EndGlobalSection
EndGlobal
