
Microsoft Visual Studio Solution File, Format Version 12.00
# Visual Studio Version 17
VisualStudioVersion = 17.11.35312.102
MinimumVisualStudioVersion = 10.0.40219.1
Project("{FAE04EC0-301F-11D3-BF4B-00C04F79EFBC}") = "WPFApp", "WPFApp\WPFApp.csproj", "{636AC300-C4D1-44B3-BE93-692BD95870A4}"
EndProject
Project("{FAE04EC0-301F-11D3-BF4B-00C04F79EFBC}") = "BusinessObjects", "BusinessObjects\BusinessObjects.csproj", "{86B33FF8-9EF6-418D-8091-C88BFCB34B03}"
EndProject
Project("{FAE04EC0-301F-11D3-BF4B-00C04F79EFBC}") = "DataAccessLayer", "DataAccessLayer\DataAccessLayer.csproj", "{36F6B6AB-30B5-4505-9EE6-BBF370DDE203}"
EndProject
Project("{FAE04EC0-301F-11D3-BF4B-00C04F79EFBC}") = "Repositories", "Repositories\Repositories.csproj", "{E51AC60C-2CAF-4015-BEB8-FD6773AB92EB}"
EndProject
Project("{FAE04EC0-301F-11D3-BF4B-00C04F79EFBC}") = "Services", "Services\Services.csproj", "{E4745CAE-2193-446D-A8FD-4243B31ED3BB}"
EndProject
Global
	GlobalSection(SolutionConfigurationPlatforms) = preSolution
		Debug|Any CPU = Debug|Any CPU
		Release|Any CPU = Release|Any CPU
	EndGlobalSection
	GlobalSection(ProjectConfigurationPlatforms) = postSolution
		{636AC300-C4D1-44B3-BE93-692BD95870A4}.Debug|Any CPU.ActiveCfg = Debug|Any CPU
		{636AC300-C4D1-44B3-BE93-692BD95870A4}.Debug|Any CPU.Build.0 = Debug|Any CPU
		{636AC300-C4D1-44B3-BE93-692BD95870A4}.Release|Any CPU.ActiveCfg = Release|Any CPU
		{636AC300-C4D1-44B3-BE93-692BD95870A4}.Release|Any CPU.Build.0 = Release|Any CPU
		{86B33FF8-9EF6-418D-8091-C88BFCB34B03}.Debug|Any CPU.ActiveCfg = Debug|Any CPU
		{86B33FF8-9EF6-418D-8091-C88BFCB34B03}.Debug|Any CPU.Build.0 = Debug|Any CPU
		{86B33FF8-9EF6-418D-8091-C88BFCB34B03}.Release|Any CPU.ActiveCfg = Release|Any CPU
		{86B33FF8-9EF6-418D-8091-C88BFCB34B03}.Release|Any CPU.Build.0 = Release|Any CPU
		{36F6B6AB-30B5-4505-9EE6-BBF370DDE203}.Debug|Any CPU.ActiveCfg = Debug|Any CPU
		{36F6B6AB-30B5-4505-9EE6-BBF370DDE203}.Debug|Any CPU.Build.0 = Debug|Any CPU
		{36F6B6AB-30B5-4505-9EE6-BBF370DDE203}.Release|Any CPU.ActiveCfg = Release|Any CPU
		{36F6B6AB-30B5-4505-9EE6-BBF370DDE203}.Release|Any CPU.Build.0 = Release|Any CPU
		{E51AC60C-2CAF-4015-BEB8-FD6773AB92EB}.Debug|Any CPU.ActiveCfg = Debug|Any CPU
		{E51AC60C-2CAF-4015-BEB8-FD6773AB92EB}.Debug|Any CPU.Build.0 = Debug|Any CPU
		{E51AC60C-2CAF-4015-BEB8-FD6773AB92EB}.Release|Any CPU.ActiveCfg = Release|Any CPU
		{E51AC60C-2CAF-4015-BEB8-FD6773AB92EB}.Release|Any CPU.Build.0 = Release|Any CPU
		{E4745CAE-2193-446D-A8FD-4243B31ED3BB}.Debug|Any CPU.ActiveCfg = Debug|Any CPU
		{E4745CAE-2193-446D-A8FD-4243B31ED3BB}.Debug|Any CPU.Build.0 = Debug|Any CPU
		{E4745CAE-2193-446D-A8FD-4243B31ED3BB}.Release|Any CPU.ActiveCfg = Release|Any CPU
		{E4745CAE-2193-446D-A8FD-4243B31ED3BB}.Release|Any CPU.Build.0 = Release|Any CPU
	EndGlobalSection
	GlobalSection(SolutionProperties) = preSolution
		HideSolutionNode = FALSE
	EndGlobalSection
	GlobalSection(ExtensibilityGlobals) = postSolution
		SolutionGuid = {2C20C855-8810-44D4-A72D-02A9A9E2D71E}
	EndGlobalSection
EndGlobal
