
Microsoft Visual Studio Solution File, Format Version 12.00
# Visual Studio Version 17
VisualStudioVersion = 17.11.35312.102
MinimumVisualStudioVersion = 10.0.40219.1
Project("{FAE04EC0-301F-11D3-BF4B-00C04F79EFBC}") = "BusinessObjects", "BusinessObjects\BusinessObjects.csproj", "{4AB4808A-C720-4F3A-B52A-A21D135D0C89}"
EndProject
Project("{FAE04EC0-301F-11D3-BF4B-00C04F79EFBC}") = "DataAccessLayer", "DataAccessLayer\DataAccessLayer.csproj", "{748A81C2-6559-4877-95C5-45F645B6D209}"
EndProject
Project("{FAE04EC0-301F-11D3-BF4B-00C04F79EFBC}") = "Repositories", "Repositories\Repositories.csproj", "{89103D93-B7FE-4CA7-AA6A-B3DB4BBB7A54}"
EndProject
Project("{FAE04EC0-301F-11D3-BF4B-00C04F79EFBC}") = "Services", "Services\Services.csproj", "{EA0FDB20-D22F-4BC7-A71F-02AC8E0784CF}"
EndProject
Project("{FAE04EC0-301F-11D3-BF4B-00C04F79EFBC}") = "WPFApp", "WPFApp\WPFApp.csproj", "{ABB4078D-3015-4F09-B2D6-139042ECEC37}"
EndProject
Global
	GlobalSection(SolutionConfigurationPlatforms) = preSolution
		Debug|Any CPU = Debug|Any CPU
		Release|Any CPU = Release|Any CPU
	EndGlobalSection
	GlobalSection(ProjectConfigurationPlatforms) = postSolution
		{4AB4808A-C720-4F3A-B52A-A21D135D0C89}.Debug|Any CPU.ActiveCfg = Debug|Any CPU
		{4AB4808A-C720-4F3A-B52A-A21D135D0C89}.Debug|Any CPU.Build.0 = Debug|Any CPU
		{4AB4808A-C720-4F3A-B52A-A21D135D0C89}.Release|Any CPU.ActiveCfg = Release|Any CPU
		{4AB4808A-C720-4F3A-B52A-A21D135D0C89}.Release|Any CPU.Build.0 = Release|Any CPU
		{748A81C2-6559-4877-95C5-45F645B6D209}.Debug|Any CPU.ActiveCfg = Debug|Any CPU
		{748A81C2-6559-4877-95C5-45F645B6D209}.Debug|Any CPU.Build.0 = Debug|Any CPU
		{748A81C2-6559-4877-95C5-45F645B6D209}.Release|Any CPU.ActiveCfg = Release|Any CPU
		{748A81C2-6559-4877-95C5-45F645B6D209}.Release|Any CPU.Build.0 = Release|Any CPU
		{89103D93-B7FE-4CA7-AA6A-B3DB4BBB7A54}.Debug|Any CPU.ActiveCfg = Debug|Any CPU
		{89103D93-B7FE-4CA7-AA6A-B3DB4BBB7A54}.Debug|Any CPU.Build.0 = Debug|Any CPU
		{89103D93-B7FE-4CA7-AA6A-B3DB4BBB7A54}.Release|Any CPU.ActiveCfg = Release|Any CPU
		{89103D93-B7FE-4CA7-AA6A-B3DB4BBB7A54}.Release|Any CPU.Build.0 = Release|Any CPU
		{EA0FDB20-D22F-4BC7-A71F-02AC8E0784CF}.Debug|Any CPU.ActiveCfg = Debug|Any CPU
		{EA0FDB20-D22F-4BC7-A71F-02AC8E0784CF}.Debug|Any CPU.Build.0 = Debug|Any CPU
		{EA0FDB20-D22F-4BC7-A71F-02AC8E0784CF}.Release|Any CPU.ActiveCfg = Release|Any CPU
		{EA0FDB20-D22F-4BC7-A71F-02AC8E0784CF}.Release|Any CPU.Build.0 = Release|Any CPU
		{ABB4078D-3015-4F09-B2D6-139042ECEC37}.Debug|Any CPU.ActiveCfg = Debug|Any CPU
		{ABB4078D-3015-4F09-B2D6-139042ECEC37}.Debug|Any CPU.Build.0 = Debug|Any CPU
		{ABB4078D-3015-4F09-B2D6-139042ECEC37}.Release|Any CPU.ActiveCfg = Release|Any CPU
		{ABB4078D-3015-4F09-B2D6-139042ECEC37}.Release|Any CPU.Build.0 = Release|Any CPU
	EndGlobalSection
	GlobalSection(SolutionProperties) = preSolution
		HideSolutionNode = FALSE
	EndGlobalSection
	GlobalSection(ExtensibilityGlobals) = postSolution
		SolutionGuid = {1F60878C-F3A6-4CCD-AE1B-214404A07669}
	EndGlobalSection
EndGlobal
