
Microsoft Visual Studio Solution File, Format Version 12.00
# Visual Studio Version 17
VisualStudioVersion = 17.11.35312.102
MinimumVisualStudioVersion = 10.0.40219.1
Project("{FAE04EC0-301F-11D3-BF4B-00C04F79EFBC}") = "ManageCategoriesApp", "ManageCategoriesApp.csproj", "{C50C7B0C-F455-401D-A284-C15D051D27DC}"
EndProject
Global
	GlobalSection(SolutionConfigurationPlatforms) = preSolution
		Debug|Any CPU = Debug|Any CPU
		Release|Any CPU = Release|Any CPU
	EndGlobalSection
	GlobalSection(ProjectConfigurationPlatforms) = postSolution
		{C50C7B0C-F455-401D-A284-C15D051D27DC}.Debug|Any CPU.ActiveCfg = Debug|Any CPU
		{C50C7B0C-F455-401D-A284-C15D051D27DC}.Debug|Any CPU.Build.0 = Debug|Any CPU
		{C50C7B0C-F455-401D-A284-C15D051D27DC}.Release|Any CPU.ActiveCfg = Release|Any CPU
		{C50C7B0C-F455-401D-A284-C15D051D27DC}.Release|Any CPU.Build.0 = Release|Any CPU
	EndGlobalSection
	GlobalSection(SolutionProperties) = preSolution
		HideSolutionNode = FALSE
	EndGlobalSection
	GlobalSection(ExtensibilityGlobals) = postSolution
		SolutionGuid = {DD640F0E-37FF-4331-8C30-06FB6E5F133B}
	EndGlobalSection
EndGlobal
